
Microsoft Visual Studio Solution File, Format Version 12.00
# Visual Studio Version 16
VisualStudioVersion = 16.0.29905.134
MinimumVisualStudioVersion = 10.0.40219.1
Project("{8BC9CEB8-8B4A-11D0-8D11-00A0C91BC942}") = "MFCChatClient", "MFCChatClient.vcxproj", "{E2189EBA-B01B-4C6A-A479-9209F7F6D5A2}"
EndProject
Project("{8BC9CEB8-8B4A-11D0-8D11-00A0C91BC942}") = "MFCChatService", "..\MFCChatService\MFCChatService.vcxproj", "{C388E5B5-F963-4832-9F01-2222A271E777}"
EndProject
Global
	GlobalSection(SolutionConfigurationPlatforms) = preSolution
		Debug|x64 = Debug|x64
		Debug|x86 = Debug|x86
		Release|x64 = Release|x64
		Release|x86 = Release|x86
	EndGlobalSection
	GlobalSection(ProjectConfigurationPlatforms) = postSolution
		{E2189EBA-B01B-4C6A-A479-9209F7F6D5A2}.Debug|x64.ActiveCfg = Debug|x64
		{E2189EBA-B01B-4C6A-A479-9209F7F6D5A2}.Debug|x64.Build.0 = Debug|x64
		{E2189EBA-B01B-4C6A-A479-9209F7F6D5A2}.Debug|x86.ActiveCfg = Debug|Win32
		{E2189EBA-B01B-4C6A-A479-9209F7F6D5A2}.Debug|x86.Build.0 = Debug|Win32
		{E2189EBA-B01B-4C6A-A479-9209F7F6D5A2}.Release|x64.ActiveCfg = Release|x64
		{E2189EBA-B01B-4C6A-A479-9209F7F6D5A2}.Release|x64.Build.0 = Release|x64
		{E2189EBA-B01B-4C6A-A479-9209F7F6D5A2}.Release|x86.ActiveCfg = Release|Win32
		{E2189EBA-B01B-4C6A-A479-9209F7F6D5A2}.Release|x86.Build.0 = Release|Win32
		{C388E5B5-F963-4832-9F01-2222A271E777}.Debug|x64.ActiveCfg = Debug|x64
		{C388E5B5-F963-4832-9F01-2222A271E777}.Debug|x64.Build.0 = Debug|x64
		{C388E5B5-F963-4832-9F01-2222A271E777}.Debug|x86.ActiveCfg = Debug|Win32
		{C388E5B5-F963-4832-9F01-2222A271E777}.Debug|x86.Build.0 = Debug|Win32
		{C388E5B5-F963-4832-9F01-2222A271E777}.Release|x64.ActiveCfg = Release|x64
		{C388E5B5-F963-4832-9F01-2222A271E777}.Release|x64.Build.0 = Release|x64
		{C388E5B5-F963-4832-9F01-2222A271E777}.Release|x86.ActiveCfg = Release|Win32
		{C388E5B5-F963-4832-9F01-2222A271E777}.Release|x86.Build.0 = Release|Win32
	EndGlobalSection
	GlobalSection(SolutionProperties) = preSolution
		HideSolutionNode = FALSE
	EndGlobalSection
	GlobalSection(ExtensibilityGlobals) = postSolution
		SolutionGuid = {0FF37C99-FA59-4418-94EA-DAD982937049}
	EndGlobalSection
EndGlobal
